
Microsoft Visual Studio Solution File, Format Version 12.00
# Visual Studio Version 16
VisualStudioVersion = 16.0.30225.117
MinimumVisualStudioVersion = 10.0.40219.1
Project("{FAE04EC0-301F-11D3-BF4B-00C04F79EFBC}") = "SeguimientoApi", "SeguimientoApi\SeguimientoApi.csproj", "{560FFBAF-1750-496D-8321-75E1ECE69D6B}"
EndProject
Global
	GlobalSection(SolutionConfigurationPlatforms) = preSolution
		Debug|Any CPU = Debug|Any CPU
		Release|Any CPU = Release|Any CPU
	EndGlobalSection
	GlobalSection(ProjectConfigurationPlatforms) = postSolution
		{560FFBAF-1750-496D-8321-75E1ECE69D6B}.Debug|Any CPU.ActiveCfg = Debug|Any CPU
		{560FFBAF-1750-496D-8321-75E1ECE69D6B}.Debug|Any CPU.Build.0 = Debug|Any CPU
		{560FFBAF-1750-496D-8321-75E1ECE69D6B}.Release|Any CPU.ActiveCfg = Release|Any CPU
		{560FFBAF-1750-496D-8321-75E1ECE69D6B}.Release|Any CPU.Build.0 = Release|Any CPU
	EndGlobalSection
	GlobalSection(SolutionProperties) = preSolution
		HideSolutionNode = FALSE
	EndGlobalSection
	GlobalSection(ExtensibilityGlobals) = postSolution
		SolutionGuid = {8D764728-6DA5-4DD3-B1F0-5DF93550A268}
	EndGlobalSection
EndGlobal
